// !$*UTF8*$!
{
	archiveVersion = 1;
	classes = {
	};
	objectVersion = 50;
	objects = {

/* Begin PBXBuildFile section */
		0A1428422285E6C900C5842C /* AppDelegate.swift in Sources */ = {isa = PBXBuildFile; fileRef = 0A1428412285E6C900C5842C /* AppDelegate.swift */; };
		0A1428442285E6C900C5842C /* SelectionViewController.swift in Sources */ = {isa = PBXBuildFile; fileRef = 0A1428432285E6C900C5842C /* SelectionViewController.swift */; };
		0A1428472285E6C900C5842C /* Main.storyboard in Resources */ = {isa = PBXBuildFile; fileRef = 0A1428452285E6C900C5842C /* Main.storyboard */; };
		0A14284C2285E6CA00C5842C /* LaunchScreen.storyboard in Resources */ = {isa = PBXBuildFile; fileRef = 0A14284A2285E6CA00C5842C /* LaunchScreen.storyboard */; };
		0A6DB35322861D4800D495D0 /* UIColor+Extension.swift in Sources */ = {isa = PBXBuildFile; fileRef = 0A6DB35222861D4800D495D0 /* UIColor+Extension.swift */; };
		0ABB4B2B2286270D0078802D /* Assets.xcassets in Resources */ = {isa = PBXBuildFile; fileRef = 0A8205D42286229B00D2EC1C /* Assets.xcassets */; };
		0AE9647C22861A9500CAA3F7 /* Timing.swift in Sources */ = {isa = PBXBuildFile; fileRef = 0AE9647B22861A9500CAA3F7 /* Timing.swift */; };
		0AE9647E22861ACB00CAA3F7 /* TimingEntry.swift in Sources */ = {isa = PBXBuildFile; fileRef = 0AE9647D22861ACB00CAA3F7 /* TimingEntry.swift */; };
		0AFC09F422874ADB0006A355 /* JournalViewController.swift in Sources */ = {isa = PBXBuildFile; fileRef = 0AFC09F322874ADB0006A355 /* JournalViewController.swift */; };
		0AFC09F622874C180006A355 /* Formatting.swift in Sources */ = {isa = PBXBuildFile; fileRef = 0AFC09F522874C180006A355 /* Formatting.swift */; };
		0AFC09F822874E870006A355 /* TimingSelectable.swift in Sources */ = {isa = PBXBuildFile; fileRef = 0AFC09F722874E870006A355 /* TimingSelectable.swift */; };
		0AFC09FF22876C150006A355 /* ImageSelector.swift in Sources */ = {isa = PBXBuildFile; fileRef = 0AFC09FE22876C150006A355 /* ImageSelector.swift */; };
/* End PBXBuildFile section */

/* Begin PBXFileReference section */
		0A14283E2285E6C900C5842C /* Timely.app */ = {isa = PBXFileReference; explicitFileType = wrapper.application; includeInIndex = 0; path = Timely.app; sourceTree = BUILT_PRODUCTS_DIR; };
		0A1428412285E6C900C5842C /* AppDelegate.swift */ = {isa = PBXFileReference; lastKnownFileType = sourcecode.swift; path = AppDelegate.swift; sourceTree = "<group>"; };
		0A1428432285E6C900C5842C /* SelectionViewController.swift */ = {isa = PBXFileReference; lastKnownFileType = sourcecode.swift; path = SelectionViewController.swift; sourceTree = "<group>"; };
		0A1428462285E6C900C5842C /* Base */ = {isa = PBXFileReference; lastKnownFileType = file.storyboard; name = Base; path = Base.lproj/Main.storyboard; sourceTree = "<group>"; };
		0A14284B2285E6CA00C5842C /* Base */ = {isa = PBXFileReference; lastKnownFileType = file.storyboard; name = Base; path = Base.lproj/LaunchScreen.storyboard; sourceTree = "<group>"; };
		0A14284D2285E6CA00C5842C /* Info.plist */ = {isa = PBXFileReference; lastKnownFileType = text.plist.xml; path = Info.plist; sourceTree = "<group>"; };
		0A6DB35222861D4800D495D0 /* UIColor+Extension.swift */ = {isa = PBXFileReference; lastKnownFileType = sourcecode.swift; path = "UIColor+Extension.swift"; sourceTree = "<group>"; };
		0A8205D42286229B00D2EC1C /* Assets.xcassets */ = {isa = PBXFileReference; lastKnownFileType = folder.assetcatalog; path = Assets.xcassets; sourceTree = "<group>"; };
		0AE9647B22861A9500CAA3F7 /* Timing.swift */ = {isa = PBXFileReference; lastKnownFileType = sourcecode.swift; path = Timing.swift; sourceTree = "<group>"; };
		0AE9647D22861ACB00CAA3F7 /* TimingEntry.swift */ = {isa = PBXFileReference; lastKnownFileType = sourcecode.swift; path = TimingEntry.swift; sourceTree = "<group>"; };
		0AFC09F322874ADB0006A355 /* JournalViewController.swift */ = {isa = PBXFileReference; lastKnownFileType = sourcecode.swift; path = JournalViewController.swift; sourceTree = "<group>"; };
		0AFC09F522874C180006A355 /* Formatting.swift */ = {isa = PBXFileReference; lastKnownFileType = sourcecode.swift; path = Formatting.swift; sourceTree = "<group>"; };
		0AFC09F722874E870006A355 /* TimingSelectable.swift */ = {isa = PBXFileReference; lastKnownFileType = sourcecode.swift; path = TimingSelectable.swift; sourceTree = "<group>"; };
		0AFC09FE22876C150006A355 /* ImageSelector.swift */ = {isa = PBXFileReference; lastKnownFileType = sourcecode.swift; path = ImageSelector.swift; sourceTree = "<group>"; };
/* End PBXFileReference section */

/* Begin PBXFrameworksBuildPhase section */
		0A14283B2285E6C900C5842C /* Frameworks */ = {
			isa = PBXFrameworksBuildPhase;
			buildActionMask = 2147483647;
			files = (
			);
			runOnlyForDeploymentPostprocessing = 0;
		};
/* End PBXFrameworksBuildPhase section */

/* Begin PBXGroup section */
		0A1428352285E6C900C5842C = {
			isa = PBXGroup;
			children = (
				0A8205D42286229B00D2EC1C /* Assets.xcassets */,
				0A1428402285E6C900C5842C /* Timely */,
				0A14283F2285E6C900C5842C /* Products */,
			);
			sourceTree = "<group>";
		};
		0A14283F2285E6C900C5842C /* Products */ = {
			isa = PBXGroup;
			children = (
				0A14283E2285E6C900C5842C /* Timely.app */,
			);
			name = Products;
			sourceTree = "<group>";
		};
		0A1428402285E6C900C5842C /* Timely */ = {
			isa = PBXGroup;
			children = (
				0AFC09FA22875E3C0006A355 /* Views */,
				0AFC09FC22875E580006A355 /* View Controllers */,
				0AFC09FB22875E440006A355 /* Models */,
				0AFC09FD22875F3B0006A355 /* Model Controllers */,
				0A14284D2285E6CA00C5842C /* Info.plist */,
			);
			path = Timely;
			sourceTree = "<group>";
		};
		0AFC09FA22875E3C0006A355 /* Views */ = {
			isa = PBXGroup;
			children = (
				0A1428452285E6C900C5842C /* Main.storyboard */,
				0A14284A2285E6CA00C5842C /* LaunchScreen.storyboard */,
				0AFC09F522874C180006A355 /* Formatting.swift */,
			);
			name = Views;
			sourceTree = "<group>";
		};
		0AFC09FB22875E440006A355 /* Models */ = {
			isa = PBXGroup;
			children = (
				0AE9647B22861A9500CAA3F7 /* Timing.swift */,
				0AE9647D22861ACB00CAA3F7 /* TimingEntry.swift */,
				0A6DB35222861D4800D495D0 /* UIColor+Extension.swift */,
			);
			name = Models;
			sourceTree = "<group>";
		};
		0AFC09FC22875E580006A355 /* View Controllers */ = {
			isa = PBXGroup;
			children = (
				0AFC09FE22876C150006A355 /* ImageSelector.swift */,
				0AFC09F322874ADB0006A355 /* JournalViewController.swift */,
				0A1428432285E6C900C5842C /* SelectionViewController.swift */,
				0AFC09F722874E870006A355 /* TimingSelectable.swift */,
			);
			name = "View Controllers";
			sourceTree = "<group>";
		};
		0AFC09FD22875F3B0006A355 /* Model Controllers */ = {
			isa = PBXGroup;
			children = (
				0A1428412285E6C900C5842C /* AppDelegate.swift */,
			);
			name = "Model Controllers";
			sourceTree = "<group>";
		};
/* End PBXGroup section */

/* Begin PBXNativeTarget section */
		0A14283D2285E6C900C5842C /* Timely */ = {
			isa = PBXNativeTarget;
			buildConfigurationList = 0A1428502285E6CA00C5842C /* Build configuration list for PBXNativeTarget "Timely" */;
			buildPhases = (
				0A14283A2285E6C900C5842C /* Sources */,
				0A14283B2285E6C900C5842C /* Frameworks */,
				0A14283C2285E6C900C5842C /* Resources */,
			);
			buildRules = (
			);
			dependencies = (
			);
			name = Timely;
			productName = Timely;
			productReference = 0A14283E2285E6C900C5842C /* Timely.app */;
			productType = "com.apple.product-type.application";
		};
/* End PBXNativeTarget section */

/* Begin PBXProject section */
		0A1428362285E6C900C5842C /* Project object */ = {
			isa = PBXProject;
			attributes = {
				LastSwiftUpdateCheck = 1020;
				LastUpgradeCheck = 1020;
				ORGANIZATIONNAME = "Kevin Jackson";
				TargetAttributes = {
					0A14283D2285E6C900C5842C = {
						CreatedOnToolsVersion = 10.2.1;
					};
				};
			};
			buildConfigurationList = 0A1428392285E6C900C5842C /* Build configuration list for PBXProject "Timely" */;
			compatibilityVersion = "Xcode 9.3";
			developmentRegion = en;
			hasScannedForEncodings = 0;
			knownRegions = (
				en,
				Base,
			);
			mainGroup = 0A1428352285E6C900C5842C;
			productRefGroup = 0A14283F2285E6C900C5842C /* Products */;
			projectDirPath = "";
			projectRoot = "";
			targets = (
				0A14283D2285E6C900C5842C /* Timely */,
			);
		};
/* End PBXProject section */

/* Begin PBXResourcesBuildPhase section */
		0A14283C2285E6C900C5842C /* Resources */ = {
			isa = PBXResourcesBuildPhase;
			buildActionMask = 2147483647;
			files = (
				0A14284C2285E6CA00C5842C /* LaunchScreen.storyboard in Resources */,
				0ABB4B2B2286270D0078802D /* Assets.xcassets in Resources */,
				0A1428472285E6C900C5842C /* Main.storyboard in Resources */,
			);
			runOnlyForDeploymentPostprocessing = 0;
		};
/* End PBXResourcesBuildPhase section */

/* Begin PBXSourcesBuildPhase section */
		0A14283A2285E6C900C5842C /* Sources */ = {
			isa = PBXSourcesBuildPhase;
			buildActionMask = 2147483647;
			files = (
				0A1428442285E6C900C5842C /* SelectionViewController.swift in Sources */,
				0AE9647C22861A9500CAA3F7 /* Timing.swift in Sources */,
				0AE9647E22861ACB00CAA3F7 /* TimingEntry.swift in Sources */,
				0A1428422285E6C900C5842C /* AppDelegate.swift in Sources */,
				0AFC09FF22876C150006A355 /* ImageSelector.swift in Sources */,
				0AFC09F422874ADB0006A355 /* JournalViewController.swift in Sources */,
				0AFC09F822874E870006A355 /* TimingSelectable.swift in Sources */,
				0AFC09F622874C180006A355 /* Formatting.swift in Sources */,
				0A6DB35322861D4800D495D0 /* UIColor+Extension.swift in Sources */,
			);
			runOnlyForDeploymentPostprocessing = 0;
		};
/* End PBXSourcesBuildPhase section */

/* Begin PBXVariantGroup section */
		0A1428452285E6C900C5842C /* Main.storyboard */ = {
			isa = PBXVariantGroup;
			children = (
				0A1428462285E6C900C5842C /* Base */,
			);
			name = Main.storyboard;
			sourceTree = "<group>";
		};
		0A14284A2285E6CA00C5842C /* LaunchScreen.storyboard */ = {
			isa = PBXVariantGroup;
			children = (
				0A14284B2285E6CA00C5842C /* Base */,
			);
			name = LaunchScreen.storyboard;
			sourceTree = "<group>";
		};
/* End PBXVariantGroup section */

/* Begin XCBuildConfiguration section */
		0A14284E2285E6CA00C5842C /* Debug */ = {
			isa = XCBuildConfiguration;
			buildSettings = {
				ALWAYS_SEARCH_USER_PATHS = NO;
				CLANG_ANALYZER_NONNULL = YES;
				CLANG_ANALYZER_NUMBER_OBJECT_CONVERSION = YES_AGGRESSIVE;
				CLANG_CXX_LANGUAGE_STANDARD = "gnu++14";
				CLANG_CXX_LIBRARY = "libc++";
				CLANG_ENABLE_MODULES = YES;
				CLANG_ENABLE_OBJC_ARC = YES;
				CLANG_ENABLE_OBJC_WEAK = YES;
				CLANG_WARN_BLOCK_CAPTURE_AUTORELEASING = YES;
				CLANG_WARN_BOOL_CONVERSION = YES;
				CLANG_WARN_COMMA = YES;
				CLANG_WARN_CONSTANT_CONVERSION = YES;
				CLANG_WARN_DEPRECATED_OBJC_IMPLEMENTATIONS = YES;
				CLANG_WARN_DIRECT_OBJC_ISA_USAGE = YES_ERROR;
				CLANG_WARN_DOCUMENTATION_COMMENTS = YES;
				CLANG_WARN_EMPTY_BODY = YES;
				CLANG_WARN_ENUM_CONVERSION = YES;
				CLANG_WARN_INFINITE_RECURSION = YES;
				CLANG_WARN_INT_CONVERSION = YES;
				CLANG_WARN_NON_LITERAL_NULL_CONVERSION = YES;
				CLANG_WARN_OBJC_IMPLICIT_RETAIN_SELF = YES;
				CLANG_WARN_OBJC_LITERAL_CONVERSION = YES;
				CLANG_WARN_OBJC_ROOT_CLASS = YES_ERROR;
				CLANG_WARN_RANGE_LOOP_ANALYSIS = YES;
				CLANG_WARN_STRICT_PROTOTYPES = YES;
				CLANG_WARN_SUSPICIOUS_MOVE = YES;
				CLANG_WARN_UNGUARDED_AVAILABILITY = YES_AGGRESSIVE;
				CLANG_WARN_UNREACHABLE_CODE = YES;
				CLANG_WARN__DUPLICATE_METHOD_MATCH = YES;
				CODE_SIGN_IDENTITY = "iPhone Developer";
				COPY_PHASE_STRIP = NO;
				DEBUG_INFORMATION_FORMAT = dwarf;
				ENABLE_STRICT_OBJC_MSGSEND = YES;
				ENABLE_TESTABILITY = YES;
				GCC_C_LANGUAGE_STANDARD = gnu11;
				GCC_DYNAMIC_NO_PIC = NO;
				GCC_NO_COMMON_BLOCKS = YES;
				GCC_OPTIMIZATION_LEVEL = 0;
				GCC_PREPROCESSOR_DEFINITIONS = (
					"DEBUG=1",
					"$(inherited)",
				);
				GCC_WARN_64_TO_32_BIT_CONVERSION = YES;
				GCC_WARN_ABOUT_RETURN_TYPE = YES_ERROR;
				GCC_WARN_UNDECLARED_SELECTOR = YES;
				GCC_WARN_UNINITIALIZED_AUTOS = YES_AGGRESSIVE;
				GCC_WARN_UNUSED_FUNCTION = YES;
				GCC_WARN_UNUSED_VARIABLE = YES;
				IPHONEOS_DEPLOYMENT_TARGET = 12.2;
				MTL_ENABLE_DEBUG_INFO = INCLUDE_SOURCE;
				MTL_FAST_MATH = YES;
				ONLY_ACTIVE_ARCH = YES;
				SDKROOT = iphoneos;
				SWIFT_ACTIVE_COMPILATION_CONDITIONS = DEBUG;
				SWIFT_OPTIMIZATION_LEVEL = "-Onone";
			};
			name = Debug;
		};
		0A14284F2285E6CA00C5842C /* Release */ = {
			isa = XCBuildConfiguration;
			buildSettings = {
				ALWAYS_SEARCH_USER_PATHS = NO;
				CLANG_ANALYZER_NONNULL = YES;
				CLANG_ANALYZER_NUMBER_OBJECT_CONVERSION = YES_AGGRESSIVE;
				CLANG_CXX_LANGUAGE_STANDARD = "gnu++14";
				CLANG_CXX_LIBRARY = "libc++";
				CLANG_ENABLE_MODULES = YES;
				CLANG_ENABLE_OBJC_ARC = YES;
				CLANG_ENABLE_OBJC_WEAK = YES;
				CLANG_WARN_BLOCK_CAPTURE_AUTORELEASING = YES;
				CLANG_WARN_BOOL_CONVERSION = YES;
				CLANG_WARN_COMMA = YES;
				CLANG_WARN_CONSTANT_CONVERSION = YES;
				CLANG_WARN_DEPRECATED_OBJC_IMPLEMENTATIONS = YES;
				CLANG_WARN_DIRECT_OBJC_ISA_USAGE = YES_ERROR;
				CLANG_WARN_DOCUMENTATION_COMMENTS = YES;
				CLANG_WARN_EMPTY_BODY = YES;
				CLANG_WARN_ENUM_CONVERSION = YES;
				CLANG_WARN_INFINITE_RECURSION = YES;
				CLANG_WARN_INT_CONVERSION = YES;
				CLANG_WARN_NON_LITERAL_NULL_CONVERSION = YES;
				CLANG_WARN_OBJC_IMPLICIT_RETAIN_SELF = YES;
				CLANG_WARN_OBJC_LITERAL_CONVERSION = YES;
				CLANG_WARN_OBJC_ROOT_CLASS = YES_ERROR;
				CLANG_WARN_RANGE_LOOP_ANALYSIS = YES;
				CLANG_WARN_STRICT_PROTOTYPES = YES;
				CLANG_WARN_SUSPICIOUS_MOVE = YES;
				CLANG_WARN_UNGUARDED_AVAILABILITY = YES_AGGRESSIVE;
				CLANG_WARN_UNREACHABLE_CODE = YES;
				CLANG_WARN__DUPLICATE_METHOD_MATCH = YES;
				CODE_SIGN_IDENTITY = "iPhone Developer";
				COPY_PHASE_STRIP = NO;
				DEBUG_INFORMATION_FORMAT = "dwarf-with-dsym";
				ENABLE_NS_ASSERTIONS = NO;
				ENABLE_STRICT_OBJC_MSGSEND = YES;
				GCC_C_LANGUAGE_STANDARD = gnu11;
				GCC_NO_COMMON_BLOCKS = YES;
				GCC_WARN_64_TO_32_BIT_CONVERSION = YES;
				GCC_WARN_ABOUT_RETURN_TYPE = YES_ERROR;
				GCC_WARN_UNDECLARED_SELECTOR = YES;
				GCC_WARN_UNINITIALIZED_AUTOS = YES_AGGRESSIVE;
				GCC_WARN_UNUSED_FUNCTION = YES;
				GCC_WARN_UNUSED_VARIABLE = YES;
				IPHONEOS_DEPLOYMENT_TARGET = 12.2;
				MTL_ENABLE_DEBUG_INFO = NO;
				MTL_FAST_MATH = YES;
				SDKROOT = iphoneos;
				SWIFT_COMPILATION_MODE = wholemodule;
				SWIFT_OPTIMIZATION_LEVEL = "-O";
				VALIDATE_PRODUCT = YES;
			};
			name = Release;
		};
		0A1428512285E6CA00C5842C /* Debug */ = {
			isa = XCBuildConfiguration;
			buildSettings = {
				ASSETCATALOG_COMPILER_APPICON_NAME = AppIcon;
				CODE_SIGN_STYLE = Automatic;
				DEVELOPMENT_TEAM = 5R5PSWDHXJ;
				INFOPLIST_FILE = Timely/Info.plist;
				LD_RUNPATH_SEARCH_PATHS = (
					"$(inherited)",
					"@executable_path/Frameworks",
				);
				PRODUCT_BUNDLE_IDENTIFIER = com.kevincjackson.Timely;
				PRODUCT_NAME = "$(TARGET_NAME)";
				SWIFT_VERSION = 5.0;
				TARGETED_DEVICE_FAMILY = "1,2";
			};
			name = Debug;
		};
		0A1428522285E6CA00C5842C /* Release */ = {
			isa = XCBuildConfiguration;
			buildSettings = {
				ASSETCATALOG_COMPILER_APPICON_NAME = AppIcon;
				CODE_SIGN_STYLE = Automatic;
				DEVELOPMENT_TEAM = 5R5PSWDHXJ;
				INFOPLIST_FILE = Timely/Info.plist;
				LD_RUNPATH_SEARCH_PATHS = (
					"$(inherited)",
					"@executable_path/Frameworks",
				);
				PRODUCT_BUNDLE_IDENTIFIER = com.kevincjackson.Timely;
				PRODUCT_NAME = "$(TARGET_NAME)";
				SWIFT_VERSION = 5.0;
				TARGETED_DEVICE_FAMILY = "1,2";
			};
			name = Release;
		};
/* End XCBuildConfiguration section */

/* Begin XCConfigurationList section */
		0A1428392285E6C900C5842C /* Build configuration list for PBXProject "Timely" */ = {
			isa = XCConfigurationList;
			buildConfigurations = (
				0A14284E2285E6CA00C5842C /* Debug */,
				0A14284F2285E6CA00C5842C /* Release */,
			);
			defaultConfigurationIsVisible = 0;
			defaultConfigurationName = Release;
		};
		0A1428502285E6CA00C5842C /* Build configuration list for PBXNativeTarget "Timely" */ = {
			isa = XCConfigurationList;
			buildConfigurations = (
				0A1428512285E6CA00C5842C /* Debug */,
				0A1428522285E6CA00C5842C /* Release */,
			);
			defaultConfigurationIsVisible = 0;
			defaultConfigurationName = Release;
		};
/* End XCConfigurationList section */
	};
	rootObject = 0A1428362285E6C900C5842C /* Project object */;
}
